{
  "name": "no.runely.calendar.test",
  "version": "1.0.0",
  "lockfileVersion": 2,
  "requires": true,
  "packages": {
    "": {
      "name": "no.runely.calendar.test",
      "version": "1.0.0",
      "license": "ISC",
      "dependencies": {
        "chalk": "4.1.2",
        "lodash.clonedeep": "4.5.0",
        "luxon": "^3.7.2",
        "node-ical": "^0.22.1"
      },
      "devDependencies": {
        "@biomejs/biome": "2.3.5",
        "@types/chalk": "^0.4.31",
        "@types/lodash.clonedeep": "^4.5.9",
        "@types/luxon": "^3.7.1",
        "@types/node": "^24.10.0",
        "typescript": "^5.9.3"
      },
      "engines": {
        "node": ">=22"
      }
    },
    "node_modules/@biomejs/biome": {
      "version": "2.3.5",
      "resolved": "https://registry.npmjs.org/@biomejs/biome/-/biome-2.3.5.tgz",
      "integrity": "sha512-HvLhNlIlBIbAV77VysRIBEwp55oM/QAjQEin74QQX9Xb259/XP/D5AGGnZMOyF1el4zcvlNYYR3AyTMUV3ILhg==",
      "dev": true,
      "license": "MIT OR Apache-2.0",
      "bin": {
        "biome": "bin/biome"
      },
      "engines": {
        "node": ">=14.21.3"
      },
      "funding": {
        "type": "opencollective",
        "url": "https://opencollective.com/biome"
      },
      "optionalDependencies": {
        "@biomejs/cli-darwin-arm64": "2.3.5",
        "@biomejs/cli-darwin-x64": "2.3.5",
        "@biomejs/cli-linux-arm64": "2.3.5",
        "@biomejs/cli-linux-arm64-musl": "2.3.5",
        "@biomejs/cli-linux-x64": "2.3.5",
        "@biomejs/cli-linux-x64-musl": "2.3.5",
        "@biomejs/cli-win32-arm64": "2.3.5",
        "@biomejs/cli-win32-x64": "2.3.5"
      }
    },
    "node_modules/@biomejs/cli-darwin-arm64": {
      "version": "2.3.5",
      "resolved": "https://registry.npmjs.org/@biomejs/cli-darwin-arm64/-/cli-darwin-arm64-2.3.5.tgz",
      "integrity": "sha512-fLdTur8cJU33HxHUUsii3GLx/TR0BsfQx8FkeqIiW33cGMtUD56fAtrh+2Fx1uhiCsVZlFh6iLKUU3pniZREQw==",
      "cpu": [
        "arm64"
      ],
      "dev": true,
      "license": "MIT OR Apache-2.0",
      "optional": true,
      "os": [
        "darwin"
      ],
      "engines": {
        "node": ">=14.21.3"
      }
    },
    "node_modules/@biomejs/cli-darwin-x64": {
      "version": "2.3.5",
      "resolved": "https://registry.npmjs.org/@biomejs/cli-darwin-x64/-/cli-darwin-x64-2.3.5.tgz",
      "integrity": "sha512-qpT8XDqeUlzrOW8zb4k3tjhT7rmvVRumhi2657I2aGcY4B+Ft5fNwDdZGACzn8zj7/K1fdWjgwYE3i2mSZ+vOA==",
      "cpu": [
        "x64"
      ],
      "dev": true,
      "license": "MIT OR Apache-2.0",
      "optional": true,
      "os": [
        "darwin"
      ],
      "engines": {
        "node": ">=14.21.3"
      }
    },
    "node_modules/@biomejs/cli-linux-arm64": {
      "version": "2.3.5",
      "resolved": "https://registry.npmjs.org/@biomejs/cli-linux-arm64/-/cli-linux-arm64-2.3.5.tgz",
      "integrity": "sha512-u/pybjTBPGBHB66ku4pK1gj+Dxgx7/+Z0jAriZISPX1ocTO8aHh8x8e7Kb1rB4Ms0nA/SzjtNOVJ4exVavQBCw==",
      "cpu": [
        "arm64"
      ],
      "dev": true,
      "license": "MIT OR Apache-2.0",
      "optional": true,
      "os": [
        "linux"
      ],
      "engines": {
        "node": ">=14.21.3"
      }
    },
    "node_modules/@biomejs/cli-linux-arm64-musl": {
      "version": "2.3.5",
      "resolved": "https://registry.npmjs.org/@biomejs/cli-linux-arm64-musl/-/cli-linux-arm64-musl-2.3.5.tgz",
      "integrity": "sha512-eGUG7+hcLgGnMNl1KHVZUYxahYAhC462jF/wQolqu4qso2MSk32Q+QrpN7eN4jAHAg7FUMIo897muIhK4hXhqg==",
      "cpu": [
        "arm64"
      ],
      "dev": true,
      "license": "MIT OR Apache-2.0",
      "optional": true,
      "os": [
        "linux"
      ],
      "engines": {
        "node": ">=14.21.3"
      }
    },
    "node_modules/@biomejs/cli-linux-x64": {
      "version": "2.3.5",
      "resolved": "https://registry.npmjs.org/@biomejs/cli-linux-x64/-/cli-linux-x64-2.3.5.tgz",
      "integrity": "sha512-XrIVi9YAW6ye0CGQ+yax0gLfx+BFOtKaNX74n+xHWla6Cl6huUmcKNO7HPx7BiKnJUzrxXY1qYlm7xMvi08X4g==",
      "cpu": [
        "x64"
      ],
      "dev": true,
      "license": "MIT OR Apache-2.0",
      "optional": true,
      "os": [
        "linux"
      ],
      "engines": {
        "node": ">=14.21.3"
      }
    },
    "node_modules/@biomejs/cli-linux-x64-musl": {
      "version": "2.3.5",
      "resolved": "https://registry.npmjs.org/@biomejs/cli-linux-x64-musl/-/cli-linux-x64-musl-2.3.5.tgz",
      "integrity": "sha512-awVuycTPpVTH/+WDVnEEYSf6nbCBHf/4wB3lquwT7puhNg8R4XvonWNZzUsfHZrCkjkLhFH/vCZK5jHatD9FEg==",
      "cpu": [
        "x64"
      ],
      "dev": true,
      "license": "MIT OR Apache-2.0",
      "optional": true,
      "os": [
        "linux"
      ],
      "engines": {
        "node": ">=14.21.3"
      }
    },
    "node_modules/@biomejs/cli-win32-arm64": {
      "version": "2.3.5",
      "resolved": "https://registry.npmjs.org/@biomejs/cli-win32-arm64/-/cli-win32-arm64-2.3.5.tgz",
      "integrity": "sha512-DlBiMlBZZ9eIq4H7RimDSGsYcOtfOIfZOaI5CqsWiSlbTfqbPVfWtCf92wNzx8GNMbu1s7/g3ZZESr6+GwM/SA==",
      "cpu": [
        "arm64"
      ],
      "dev": true,
      "license": "MIT OR Apache-2.0",
      "optional": true,
      "os": [
        "win32"
      ],
      "engines": {
        "node": ">=14.21.3"
      }
    },
    "node_modules/@biomejs/cli-win32-x64": {
      "version": "2.3.5",
      "resolved": "https://registry.npmjs.org/@biomejs/cli-win32-x64/-/cli-win32-x64-2.3.5.tgz",
      "integrity": "sha512-nUmR8gb6yvrKhtRgzwo/gDimPwnO5a4sCydf8ZS2kHIJhEmSmk+STsusr1LHTuM//wXppBawvSQi2xFXJCdgKQ==",
      "cpu": [
        "x64"
      ],
      "dev": true,
      "license": "MIT OR Apache-2.0",
      "optional": true,
      "os": [
        "win32"
      ],
      "engines": {
        "node": ">=14.21.3"
      }
    },
    "node_modules/@types/chalk": {
      "version": "0.4.31",
      "resolved": "https://registry.npmjs.org/@types/chalk/-/chalk-0.4.31.tgz",
      "integrity": "sha512-nF0fisEPYMIyfrFgabFimsz9Lnuu9MwkNrrlATm2E4E46afKDyeelT+8bXfw1VSc7sLBxMxRgT7PxTC2JcqN4Q==",
      "dev": true,
      "license": "MIT"
    },
    "node_modules/@types/lodash": {
      "version": "4.17.21",
      "resolved": "https://registry.npmjs.org/@types/lodash/-/lodash-4.17.21.tgz",
      "integrity": "sha512-FOvQ0YPD5NOfPgMzJihoT+Za5pdkDJWcbpuj1DjaKZIr/gxodQjY/uWEFlTNqW2ugXHUiL8lRQgw63dzKHZdeQ==",
      "dev": true,
      "license": "MIT"
    },
    "node_modules/@types/lodash.clonedeep": {
      "version": "4.5.9",
      "resolved": "https://registry.npmjs.org/@types/lodash.clonedeep/-/lodash.clonedeep-4.5.9.tgz",
      "integrity": "sha512-19429mWC+FyaAhOLzsS8kZUsI+/GmBAQ0HFiCPsKGU+7pBXOQWhyrY6xNNDwUSX8SMZMJvuFVMF9O5dQOlQK9Q==",
      "dev": true,
      "license": "MIT",
      "dependencies": {
        "@types/lodash": "*"
      }
    },
    "node_modules/@types/luxon": {
      "version": "3.7.1",
      "resolved": "https://registry.npmjs.org/@types/luxon/-/luxon-3.7.1.tgz",
      "integrity": "sha512-H3iskjFIAn5SlJU7OuxUmTEpebK6TKB8rxZShDslBMZJ5u9S//KM1sbdAisiSrqwLQncVjnpi2OK2J51h+4lsg==",
      "dev": true,
      "license": "MIT"
    },
    "node_modules/@types/node": {
      "version": "24.10.0",
      "resolved": "https://registry.npmjs.org/@types/node/-/node-24.10.0.tgz",
      "integrity": "sha512-qzQZRBqkFsYyaSWXuEHc2WR9c0a0CXwiE5FWUvn7ZM+vdy1uZLfCunD38UzhuB7YN/J11ndbDBcTmOdxJo9Q7A==",
      "dev": true,
      "license": "MIT",
      "dependencies": {
        "undici-types": "~7.16.0"
      }
    },
    "node_modules/ansi-styles": {
      "version": "4.3.0",
      "resolved": "https://registry.npmjs.org/ansi-styles/-/ansi-styles-4.3.0.tgz",
      "integrity": "sha512-zbB9rCJAT1rbjiVDb2hqKFHNYLxgtk8NURxZ3IZwD3F6NtxbXZQCnnSi1Lkx+IDohdPlFp222wVALIheZJQSEg==",
      "dependencies": {
        "color-convert": "^2.0.1"
      },
      "engines": {
        "node": ">=8"
      },
      "funding": {
        "url": "https://github.com/chalk/ansi-styles?sponsor=1"
      }
    },
    "node_modules/chalk": {
      "version": "4.1.2",
      "resolved": "https://registry.npmjs.org/chalk/-/chalk-4.1.2.tgz",
      "integrity": "sha512-oKnbhFyRIXpUuez8iBMmyEa4nbj4IOQyuhc/wy9kY7/WVPcwIO9VA668Pu8RkO7+0G76SLROeyw9CpQ061i4mA==",
      "dependencies": {
        "ansi-styles": "^4.1.0",
        "supports-color": "^7.1.0"
      },
      "engines": {
        "node": ">=10"
      },
      "funding": {
        "url": "https://github.com/chalk/chalk?sponsor=1"
      }
    },
    "node_modules/color-convert": {
      "version": "2.0.1",
      "resolved": "https://registry.npmjs.org/color-convert/-/color-convert-2.0.1.tgz",
      "integrity": "sha512-RRECPsj7iu/xb5oKYcsFHSppFNnsj/52OVTRKb4zP5onXwVF3zVmmToNcOfGC+CRDpfK/U584fMg38ZHCaElKQ==",
      "dependencies": {
        "color-name": "~1.1.4"
      },
      "engines": {
        "node": ">=7.0.0"
      }
    },
    "node_modules/color-name": {
      "version": "1.1.4",
      "resolved": "https://registry.npmjs.org/color-name/-/color-name-1.1.4.tgz",
      "integrity": "sha512-dOy+3AuW3a2wNbZHIuMZpTcgjGuLU/uBL/ubcZF9OXbDo8ff4O8yVp5Bf0efS8uEoYo5q4Fx7dY9OgQGXgAsQA=="
    },
    "node_modules/has-flag": {
      "version": "4.0.0",
      "resolved": "https://registry.npmjs.org/has-flag/-/has-flag-4.0.0.tgz",
      "integrity": "sha512-EykJT/Q1KjTWctppgIAgfSO0tKVuZUjhgMr17kqTumMl6Afv3EISleU7qZUzoXDFTAHTDC4NOoG/ZxU3EvlMPQ==",
      "engines": {
        "node": ">=8"
      }
    },
    "node_modules/lodash.clonedeep": {
      "version": "4.5.0",
      "resolved": "https://registry.npmjs.org/lodash.clonedeep/-/lodash.clonedeep-4.5.0.tgz",
      "integrity": "sha512-H5ZhCF25riFd9uB5UCkVKo61m3S/xZk1x4wA6yp/L3RFP6Z/eHH1ymQcGLo7J3GMPfm0V/7m1tryHuGVxpqEBQ=="
    },
    "node_modules/luxon": {
      "version": "3.7.2",
      "resolved": "https://registry.npmjs.org/luxon/-/luxon-3.7.2.tgz",
      "integrity": "sha512-vtEhXh/gNjI9Yg1u4jX/0YVPMvxzHuGgCm6tC5kZyb08yjGWGnqAjGJvcXbqQR2P3MyMEFnRbpcdFS6PBcLqew==",
      "license": "MIT",
      "engines": {
        "node": ">=12"
      }
    },
    "node_modules/node-ical": {
      "version": "0.22.1",
      "resolved": "https://registry.npmjs.org/node-ical/-/node-ical-0.22.1.tgz",
      "integrity": "sha512-rMdc5hhJT3ZPtZIWfEXcetRrPl2xeHGpMJX8lq4VwyLKfOzGr+rXVtx0lD8lSf27Hn3mxrbU3MUcMSMXp4rIQA==",
      "license": "Apache-2.0",
      "dependencies": {
        "rrule": "2.8.1"
      },
      "engines": {
        "node": ">=18"
      }
    },
    "node_modules/rrule": {
      "version": "2.8.1",
      "resolved": "https://registry.npmjs.org/rrule/-/rrule-2.8.1.tgz",
      "integrity": "sha512-hM3dHSBMeaJ0Ktp7W38BJZ7O1zOgaFEsn41PDk+yHoEtfLV+PoJt9E9xAlZiWgf/iqEqionN0ebHFZIDAp+iGw==",
      "license": "BSD-3-Clause",
      "dependencies": {
        "tslib": "^2.4.0"
      }
    },
    "node_modules/supports-color": {
      "version": "7.2.0",
      "resolved": "https://registry.npmjs.org/supports-color/-/supports-color-7.2.0.tgz",
      "integrity": "sha512-qpCAvRl9stuOHveKsn7HncJRvv501qIacKzQlO/+Lwxc9+0q2wLyv4Dfvt80/DPn2pqOBsJdDiogXGR9+OvwRw==",
      "dependencies": {
        "has-flag": "^4.0.0"
      },
      "engines": {
        "node": ">=8"
      }
    },
    "node_modules/tslib": {
      "version": "2.8.1",
      "resolved": "https://registry.npmjs.org/tslib/-/tslib-2.8.1.tgz",
      "integrity": "sha512-oJFu94HQb+KVduSUQL7wnpmqnfmLsOA/nAh6b6EH0wCEoK0/mPeXU6c3wKDV83MkOuHPRHtSXKKU99IBazS/2w==",
      "license": "0BSD"
    },
    "node_modules/typescript": {
      "version": "5.9.3",
      "resolved": "https://registry.npmjs.org/typescript/-/typescript-5.9.3.tgz",
      "integrity": "sha512-jl1vZzPDinLr9eUt3J/t7V6FgNEw9QjvBPdysz9KfQDD41fQrC2Y4vKQdiaUpFT4bXlb1RHhLpp8wtm6M5TgSw==",
      "dev": true,
      "license": "Apache-2.0",
      "bin": {
        "tsc": "bin/tsc",
        "tsserver": "bin/tsserver"
      },
      "engines": {
        "node": ">=14.17"
      }
    },
    "node_modules/undici-types": {
      "version": "7.16.0",
      "resolved": "https://registry.npmjs.org/undici-types/-/undici-types-7.16.0.tgz",
      "integrity": "sha512-Zz+aZWSj8LE6zoxD+xrjh4VfkIG8Ya6LvYkZqtUQGJPZjYl53ypCaUwWqo7eI0x66KBGeRo+mlBEkMSeSZ38Nw==",
      "dev": true,
      "license": "MIT"
    }
  },
  "dependencies": {
    "@biomejs/biome": {
      "version": "2.3.5",
      "resolved": "https://registry.npmjs.org/@biomejs/biome/-/biome-2.3.5.tgz",
      "integrity": "sha512-HvLhNlIlBIbAV77VysRIBEwp55oM/QAjQEin74QQX9Xb259/XP/D5AGGnZMOyF1el4zcvlNYYR3AyTMUV3ILhg==",
      "dev": true,
      "requires": {
        "@biomejs/cli-darwin-arm64": "2.3.5",
        "@biomejs/cli-darwin-x64": "2.3.5",
        "@biomejs/cli-linux-arm64": "2.3.5",
        "@biomejs/cli-linux-arm64-musl": "2.3.5",
        "@biomejs/cli-linux-x64": "2.3.5",
        "@biomejs/cli-linux-x64-musl": "2.3.5",
        "@biomejs/cli-win32-arm64": "2.3.5",
        "@biomejs/cli-win32-x64": "2.3.5"
      }
    },
    "@biomejs/cli-darwin-arm64": {
      "version": "2.3.5",
      "resolved": "https://registry.npmjs.org/@biomejs/cli-darwin-arm64/-/cli-darwin-arm64-2.3.5.tgz",
      "integrity": "sha512-fLdTur8cJU33HxHUUsii3GLx/TR0BsfQx8FkeqIiW33cGMtUD56fAtrh+2Fx1uhiCsVZlFh6iLKUU3pniZREQw==",
      "dev": true,
      "optional": true
    },
    "@biomejs/cli-darwin-x64": {
      "version": "2.3.5",
      "resolved": "https://registry.npmjs.org/@biomejs/cli-darwin-x64/-/cli-darwin-x64-2.3.5.tgz",
      "integrity": "sha512-qpT8XDqeUlzrOW8zb4k3tjhT7rmvVRumhi2657I2aGcY4B+Ft5fNwDdZGACzn8zj7/K1fdWjgwYE3i2mSZ+vOA==",
      "dev": true,
      "optional": true
    },
    "@biomejs/cli-linux-arm64": {
      "version": "2.3.5",
      "resolved": "https://registry.npmjs.org/@biomejs/cli-linux-arm64/-/cli-linux-arm64-2.3.5.tgz",
      "integrity": "sha512-u/pybjTBPGBHB66ku4pK1gj+Dxgx7/+Z0jAriZISPX1ocTO8aHh8x8e7Kb1rB4Ms0nA/SzjtNOVJ4exVavQBCw==",
      "dev": true,
      "optional": true
    },
    "@biomejs/cli-linux-arm64-musl": {
      "version": "2.3.5",
      "resolved": "https://registry.npmjs.org/@biomejs/cli-linux-arm64-musl/-/cli-linux-arm64-musl-2.3.5.tgz",
      "integrity": "sha512-eGUG7+hcLgGnMNl1KHVZUYxahYAhC462jF/wQolqu4qso2MSk32Q+QrpN7eN4jAHAg7FUMIo897muIhK4hXhqg==",
      "dev": true,
      "optional": true
    },
    "@biomejs/cli-linux-x64": {
      "version": "2.3.5",
      "resolved": "https://registry.npmjs.org/@biomejs/cli-linux-x64/-/cli-linux-x64-2.3.5.tgz",
      "integrity": "sha512-XrIVi9YAW6ye0CGQ+yax0gLfx+BFOtKaNX74n+xHWla6Cl6huUmcKNO7HPx7BiKnJUzrxXY1qYlm7xMvi08X4g==",
      "dev": true,
      "optional": true
    },
    "@biomejs/cli-linux-x64-musl": {
      "version": "2.3.5",
      "resolved": "https://registry.npmjs.org/@biomejs/cli-linux-x64-musl/-/cli-linux-x64-musl-2.3.5.tgz",
      "integrity": "sha512-awVuycTPpVTH/+WDVnEEYSf6nbCBHf/4wB3lquwT7puhNg8R4XvonWNZzUsfHZrCkjkLhFH/vCZK5jHatD9FEg==",
      "dev": true,
      "optional": true
    },
    "@biomejs/cli-win32-arm64": {
      "version": "2.3.5",
      "resolved": "https://registry.npmjs.org/@biomejs/cli-win32-arm64/-/cli-win32-arm64-2.3.5.tgz",
      "integrity": "sha512-DlBiMlBZZ9eIq4H7RimDSGsYcOtfOIfZOaI5CqsWiSlbTfqbPVfWtCf92wNzx8GNMbu1s7/g3ZZESr6+GwM/SA==",
      "dev": true,
      "optional": true
    },
    "@biomejs/cli-win32-x64": {
      "version": "2.3.5",
      "resolved": "https://registry.npmjs.org/@biomejs/cli-win32-x64/-/cli-win32-x64-2.3.5.tgz",
      "integrity": "sha512-nUmR8gb6yvrKhtRgzwo/gDimPwnO5a4sCydf8ZS2kHIJhEmSmk+STsusr1LHTuM//wXppBawvSQi2xFXJCdgKQ==",
      "dev": true,
      "optional": true
    },
    "@types/chalk": {
      "version": "0.4.31",
      "resolved": "https://registry.npmjs.org/@types/chalk/-/chalk-0.4.31.tgz",
      "integrity": "sha512-nF0fisEPYMIyfrFgabFimsz9Lnuu9MwkNrrlATm2E4E46afKDyeelT+8bXfw1VSc7sLBxMxRgT7PxTC2JcqN4Q==",
      "dev": true
    },
    "@types/lodash": {
      "version": "4.17.21",
      "resolved": "https://registry.npmjs.org/@types/lodash/-/lodash-4.17.21.tgz",
      "integrity": "sha512-FOvQ0YPD5NOfPgMzJihoT+Za5pdkDJWcbpuj1DjaKZIr/gxodQjY/uWEFlTNqW2ugXHUiL8lRQgw63dzKHZdeQ==",
      "dev": true
    },
    "@types/lodash.clonedeep": {
      "version": "4.5.9",
      "resolved": "https://registry.npmjs.org/@types/lodash.clonedeep/-/lodash.clonedeep-4.5.9.tgz",
      "integrity": "sha512-19429mWC+FyaAhOLzsS8kZUsI+/GmBAQ0HFiCPsKGU+7pBXOQWhyrY6xNNDwUSX8SMZMJvuFVMF9O5dQOlQK9Q==",
      "dev": true,
      "requires": {
        "@types/lodash": "*"
      }
    },
    "@types/luxon": {
      "version": "3.7.1",
      "resolved": "https://registry.npmjs.org/@types/luxon/-/luxon-3.7.1.tgz",
      "integrity": "sha512-H3iskjFIAn5SlJU7OuxUmTEpebK6TKB8rxZShDslBMZJ5u9S//KM1sbdAisiSrqwLQncVjnpi2OK2J51h+4lsg==",
      "dev": true
    },
    "@types/node": {
      "version": "24.10.0",
      "resolved": "https://registry.npmjs.org/@types/node/-/node-24.10.0.tgz",
      "integrity": "sha512-qzQZRBqkFsYyaSWXuEHc2WR9c0a0CXwiE5FWUvn7ZM+vdy1uZLfCunD38UzhuB7YN/J11ndbDBcTmOdxJo9Q7A==",
      "dev": true,
      "requires": {
        "undici-types": "~7.16.0"
      }
    },
    "ansi-styles": {
      "version": "4.3.0",
      "resolved": "https://registry.npmjs.org/ansi-styles/-/ansi-styles-4.3.0.tgz",
      "integrity": "sha512-zbB9rCJAT1rbjiVDb2hqKFHNYLxgtk8NURxZ3IZwD3F6NtxbXZQCnnSi1Lkx+IDohdPlFp222wVALIheZJQSEg==",
      "requires": {
        "color-convert": "^2.0.1"
      }
    },
    "chalk": {
      "version": "4.1.2",
      "resolved": "https://registry.npmjs.org/chalk/-/chalk-4.1.2.tgz",
      "integrity": "sha512-oKnbhFyRIXpUuez8iBMmyEa4nbj4IOQyuhc/wy9kY7/WVPcwIO9VA668Pu8RkO7+0G76SLROeyw9CpQ061i4mA==",
      "requires": {
        "ansi-styles": "^4.1.0",
        "supports-color": "^7.1.0"
      }
    },
    "color-convert": {
      "version": "2.0.1",
      "resolved": "https://registry.npmjs.org/color-convert/-/color-convert-2.0.1.tgz",
      "integrity": "sha512-RRECPsj7iu/xb5oKYcsFHSppFNnsj/52OVTRKb4zP5onXwVF3zVmmToNcOfGC+CRDpfK/U584fMg38ZHCaElKQ==",
      "requires": {
        "color-name": "~1.1.4"
      }
    },
    "color-name": {
      "version": "1.1.4",
      "resolved": "https://registry.npmjs.org/color-name/-/color-name-1.1.4.tgz",
      "integrity": "sha512-dOy+3AuW3a2wNbZHIuMZpTcgjGuLU/uBL/ubcZF9OXbDo8ff4O8yVp5Bf0efS8uEoYo5q4Fx7dY9OgQGXgAsQA=="
    },
    "has-flag": {
      "version": "4.0.0",
      "resolved": "https://registry.npmjs.org/has-flag/-/has-flag-4.0.0.tgz",
      "integrity": "sha512-EykJT/Q1KjTWctppgIAgfSO0tKVuZUjhgMr17kqTumMl6Afv3EISleU7qZUzoXDFTAHTDC4NOoG/ZxU3EvlMPQ=="
    },
    "lodash.clonedeep": {
      "version": "4.5.0",
      "resolved": "https://registry.npmjs.org/lodash.clonedeep/-/lodash.clonedeep-4.5.0.tgz",
      "integrity": "sha512-H5ZhCF25riFd9uB5UCkVKo61m3S/xZk1x4wA6yp/L3RFP6Z/eHH1ymQcGLo7J3GMPfm0V/7m1tryHuGVxpqEBQ=="
    },
    "luxon": {
      "version": "3.7.2",
      "resolved": "https://registry.npmjs.org/luxon/-/luxon-3.7.2.tgz",
      "integrity": "sha512-vtEhXh/gNjI9Yg1u4jX/0YVPMvxzHuGgCm6tC5kZyb08yjGWGnqAjGJvcXbqQR2P3MyMEFnRbpcdFS6PBcLqew=="
    },
    "node-ical": {
      "version": "0.22.1",
      "resolved": "https://registry.npmjs.org/node-ical/-/node-ical-0.22.1.tgz",
      "integrity": "sha512-rMdc5hhJT3ZPtZIWfEXcetRrPl2xeHGpMJX8lq4VwyLKfOzGr+rXVtx0lD8lSf27Hn3mxrbU3MUcMSMXp4rIQA==",
      "requires": {
        "rrule": "2.8.1"
      }
    },
    "rrule": {
      "version": "2.8.1",
      "resolved": "https://registry.npmjs.org/rrule/-/rrule-2.8.1.tgz",
      "integrity": "sha512-hM3dHSBMeaJ0Ktp7W38BJZ7O1zOgaFEsn41PDk+yHoEtfLV+PoJt9E9xAlZiWgf/iqEqionN0ebHFZIDAp+iGw==",
      "requires": {
        "tslib": "^2.4.0"
      }
    },
    "supports-color": {
      "version": "7.2.0",
      "resolved": "https://registry.npmjs.org/supports-color/-/supports-color-7.2.0.tgz",
      "integrity": "sha512-qpCAvRl9stuOHveKsn7HncJRvv501qIacKzQlO/+Lwxc9+0q2wLyv4Dfvt80/DPn2pqOBsJdDiogXGR9+OvwRw==",
      "requires": {
        "has-flag": "^4.0.0"
      }
    },
    "tslib": {
      "version": "2.8.1",
      "resolved": "https://registry.npmjs.org/tslib/-/tslib-2.8.1.tgz",
      "integrity": "sha512-oJFu94HQb+KVduSUQL7wnpmqnfmLsOA/nAh6b6EH0wCEoK0/mPeXU6c3wKDV83MkOuHPRHtSXKKU99IBazS/2w=="
    },
    "typescript": {
      "version": "5.9.3",
      "resolved": "https://registry.npmjs.org/typescript/-/typescript-5.9.3.tgz",
      "integrity": "sha512-jl1vZzPDinLr9eUt3J/t7V6FgNEw9QjvBPdysz9KfQDD41fQrC2Y4vKQdiaUpFT4bXlb1RHhLpp8wtm6M5TgSw==",
      "dev": true
    },
    "undici-types": {
      "version": "7.16.0",
      "resolved": "https://registry.npmjs.org/undici-types/-/undici-types-7.16.0.tgz",
      "integrity": "sha512-Zz+aZWSj8LE6zoxD+xrjh4VfkIG8Ya6LvYkZqtUQGJPZjYl53ypCaUwWqo7eI0x66KBGeRo+mlBEkMSeSZ38Nw==",
      "dev": true
    }
  }
}
